
Microsoft Visual Studio Solution File, Format Version 12.00
# Visual Studio Version 16
VisualStudioVersion = 16.0.31729.503
MinimumVisualStudioVersion = 10.0.40219.1
Project("{FAE04EC0-301F-11D3-BF4B-00C04F79EFBC}") = "Human FitnessProject", "Human FitnessProject\Human FitnessProject.csproj", "{4ACECFB6-3477-4370-B4BB-1187645699BA}"
EndProject
Global
	GlobalSection(SolutionConfigurationPlatforms) = preSolution
		Debug|Any CPU = Debug|Any CPU
		Release|Any CPU = Release|Any CPU
	EndGlobalSection
	GlobalSection(ProjectConfigurationPlatforms) = postSolution
		{4ACECFB6-3477-4370-B4BB-1187645699BA}.Debug|Any CPU.ActiveCfg = Debug|Any CPU
		{4ACECFB6-3477-4370-B4BB-1187645699BA}.Debug|Any CPU.Build.0 = Debug|Any CPU
		{4ACECFB6-3477-4370-B4BB-1187645699BA}.Release|Any CPU.ActiveCfg = Release|Any CPU
		{4ACECFB6-3477-4370-B4BB-1187645699BA}.Release|Any CPU.Build.0 = Release|Any CPU
	EndGlobalSection
	GlobalSection(SolutionProperties) = preSolution
		HideSolutionNode = FALSE
	EndGlobalSection
	GlobalSection(ExtensibilityGlobals) = postSolution
		SolutionGuid = {9E207BA1-4C3E-4AFA-8AE4-6F8783340A15}
	EndGlobalSection
EndGlobal
